
Microsoft Visual Studio Solution File, Format Version 12.00
# Visual Studio Version 17
VisualStudioVersion = 17.8.34408.163
MinimumVisualStudioVersion = 10.0.40219.1
Project("{FAE04EC0-301F-11D3-BF4B-00C04F79EFBC}") = "BT_ThietKeForm", "BT_ThietKeForm\BT_ThietKeForm.csproj", "{C2EDCC3D-C56C-461F-A481-414DAB11C7E0}"
EndProject
Project("{FAE04EC0-301F-11D3-BF4B-00C04F79EFBC}") = "BTWindowsFormCau2", "BTWindowsFormCau2\BTWindowsFormCau2.csproj", "{436A47CF-E64F-486E-89E0-603D78593BB5}"
EndProject
Project("{FAE04EC0-301F-11D3-BF4B-00C04F79EFBC}") = "BTWindowsFormCau3", "BTWindowsFormCau3\BTWindowsFormCau3.csproj", "{1EA66C69-4CB4-4801-AFC9-922E116BFC01}"
EndProject
Project("{FAE04EC0-301F-11D3-BF4B-00C04F79EFBC}") = "BTWindowsFormCau4", "BTWindowsFormCau4\BTWindowsFormCau4.csproj", "{54F2493F-60B8-475C-BA13-F38C82831E4C}"
EndProject
Project("{FAE04EC0-301F-11D3-BF4B-00C04F79EFBC}") = "BTWindownsFormCau1", "BTWindownsFormCau1\BTWindownsFormCau1.csproj", "{0B83C09F-E8DE-4F7C-8A89-6085058B518E}"
EndProject
Global
	GlobalSection(SolutionConfigurationPlatforms) = preSolution
		Debug|Any CPU = Debug|Any CPU
		Release|Any CPU = Release|Any CPU
	EndGlobalSection
	GlobalSection(ProjectConfigurationPlatforms) = postSolution
		{C2EDCC3D-C56C-461F-A481-414DAB11C7E0}.Debug|Any CPU.ActiveCfg = Debug|Any CPU
		{C2EDCC3D-C56C-461F-A481-414DAB11C7E0}.Debug|Any CPU.Build.0 = Debug|Any CPU
		{C2EDCC3D-C56C-461F-A481-414DAB11C7E0}.Release|Any CPU.ActiveCfg = Release|Any CPU
		{C2EDCC3D-C56C-461F-A481-414DAB11C7E0}.Release|Any CPU.Build.0 = Release|Any CPU
		{436A47CF-E64F-486E-89E0-603D78593BB5}.Debug|Any CPU.ActiveCfg = Debug|Any CPU
		{436A47CF-E64F-486E-89E0-603D78593BB5}.Debug|Any CPU.Build.0 = Debug|Any CPU
		{436A47CF-E64F-486E-89E0-603D78593BB5}.Release|Any CPU.ActiveCfg = Release|Any CPU
		{436A47CF-E64F-486E-89E0-603D78593BB5}.Release|Any CPU.Build.0 = Release|Any CPU
		{1EA66C69-4CB4-4801-AFC9-922E116BFC01}.Debug|Any CPU.ActiveCfg = Debug|Any CPU
		{1EA66C69-4CB4-4801-AFC9-922E116BFC01}.Debug|Any CPU.Build.0 = Debug|Any CPU
		{1EA66C69-4CB4-4801-AFC9-922E116BFC01}.Release|Any CPU.ActiveCfg = Release|Any CPU
		{1EA66C69-4CB4-4801-AFC9-922E116BFC01}.Release|Any CPU.Build.0 = Release|Any CPU
		{54F2493F-60B8-475C-BA13-F38C82831E4C}.Debug|Any CPU.ActiveCfg = Debug|Any CPU
		{54F2493F-60B8-475C-BA13-F38C82831E4C}.Debug|Any CPU.Build.0 = Debug|Any CPU
		{54F2493F-60B8-475C-BA13-F38C82831E4C}.Release|Any CPU.ActiveCfg = Release|Any CPU
		{54F2493F-60B8-475C-BA13-F38C82831E4C}.Release|Any CPU.Build.0 = Release|Any CPU
		{0B83C09F-E8DE-4F7C-8A89-6085058B518E}.Debug|Any CPU.ActiveCfg = Debug|Any CPU
		{0B83C09F-E8DE-4F7C-8A89-6085058B518E}.Debug|Any CPU.Build.0 = Debug|Any CPU
		{0B83C09F-E8DE-4F7C-8A89-6085058B518E}.Release|Any CPU.ActiveCfg = Release|Any CPU
		{0B83C09F-E8DE-4F7C-8A89-6085058B518E}.Release|Any CPU.Build.0 = Release|Any CPU
	EndGlobalSection
	GlobalSection(SolutionProperties) = preSolution
		HideSolutionNode = FALSE
	EndGlobalSection
	GlobalSection(ExtensibilityGlobals) = postSolution
		SolutionGuid = {EBE3C242-6A0B-45D6-87CF-65B562EDD696}
	EndGlobalSection
EndGlobal
